{
    "version": 3,
    "terraform_version": "0.11.11",
    "serial": 10,
    "lineage": "1b8d52f3-059e-5eec-b469-5ded8fdff23a",
    "modules": [
        {
            "path": [
                "root"
            ],
            "outputs": {
                "ip": {
                    "sensitive": false,
                    "type": "string",
                    "value": "34.203.38.77"
                }
            },
            "resources": {
                "aws_instance.web": {
                    "type": "aws_instance",
                    "depends_on": [
                        "aws_key_pair.firstkey"
                    ],
                    "primary": {
                        "id": "i-0197f2249d810500e",
                        "attributes": {
                            "ami": "ami-02354e95b39ca8dec",
                            "arn": "arn:aws:ec2:us-east-1:803943555226:instance/i-0197f2249d810500e",
                            "associate_public_ip_address": "true",
                            "availability_zone": "us-east-1e",
                            "cpu_core_count": "1",
                            "cpu_threads_per_core": "1",
                            "credit_specification.#": "1",
                            "credit_specification.0.cpu_credits": "standard",
                            "disable_api_termination": "false",
                            "ebs_block_device.#": "0",
                            "ebs_optimized": "false",
                            "ephemeral_block_device.#": "0",
                            "get_password_data": "false",
                            "hibernation": "false",
                            "iam_instance_profile": "",
                            "id": "i-0197f2249d810500e",
                            "instance_state": "running",
                            "instance_type": "t2.micro",
                            "ipv6_address_count": "0",
                            "ipv6_addresses.#": "0",
                            "key_name": "firstnaveen",
                            "metadata_options.#": "1",
                            "metadata_options.0.http_endpoint": "enabled",
                            "metadata_options.0.http_put_response_hop_limit": "1",
                            "metadata_options.0.http_tokens": "optional",
                            "monitoring": "false",
                            "network_interface.#": "0",
                            "outpost_arn": "",
                            "password_data": "",
                            "placement_group": "",
                            "primary_network_interface_id": "eni-0004333f470443ca2",
                            "private_dns": "ip-172-31-48-186.ec2.internal",
                            "private_ip": "172.31.48.186",
                            "public_dns": "ec2-54-208-37-93.compute-1.amazonaws.com",
                            "public_ip": "54.208.37.93",
                            "root_block_device.#": "1",
                            "root_block_device.0.delete_on_termination": "true",
                            "root_block_device.0.device_name": "/dev/xvda",
                            "root_block_device.0.encrypted": "false",
                            "root_block_device.0.iops": "100",
                            "root_block_device.0.kms_key_id": "",
                            "root_block_device.0.volume_id": "vol-008f0973b95a53ee6",
                            "root_block_device.0.volume_size": "8",
                            "root_block_device.0.volume_type": "gp2",
                            "security_groups.#": "1",
                            "security_groups.3814588639": "default",
                            "source_dest_check": "true",
                            "subnet_id": "subnet-07c2b9c1a76b9d094",
                            "tags.%": "1",
                            "tags.Name": "First-terra-launch",
                            "tenancy": "default",
                            "volume_tags.%": "0",
                            "vpc_security_group_ids.#": "1",
                            "vpc_security_group_ids.1261534814": "sg-011e6ba0f9f6e1740"
                        },
                        "meta": {
                            "e2bfb730-ecaa-11e6-8f88-34363bc7c4c0": {
                                "create": 600000000000,
                                "delete": 1200000000000,
                                "update": 600000000000
                            },
                            "schema_version": "1"
                        },
                        "tainted": true
                    },
                    "deposed": [],
                    "provider": "provider.aws"
                },
                "aws_key_pair.firstkey": {
                    "type": "aws_key_pair",
                    "depends_on": [],
                    "primary": {
                        "id": "firstnaveen",
                        "attributes": {
                            "arn": "arn:aws:ec2:us-east-1:803943555226:key-pair/firstnaveen",
                            "fingerprint": "44:ff:9c:11:1d:3f:32:72:de:59:30:5a:6e:93:9c:7d",
                            "id": "firstnaveen",
                            "key_name": "firstnaveen",
                            "key_pair_id": "key-045ad6e32e816ec31",
                            "public_key": "ssh-rsa AAAAB3NzaC1yc2EAAAABJQAAAQEAgfOF52Dpt88EaLgkFvTZ6Uzd2k3qf3WCNEPpb+1oSmjFwbGlZlQvcNax7WdWk8SXZ+9ToapMvFj3T7ZenCeKfSFs8QvHBM/xwEaexZs7DZt/WcogdeMwhDhZwhp5irUQKkqmjHhlCBXbIpKhKnfuKAuquHd/zbzArOE0TIzWlY1vKOUj3gMX1iGIBpcMbXYLVvpSkgwvnh9Fs8yxrLYE6Dtxum0fHZWNe+qptL4x0rtGNkMeMU7Dre86geQdf1soXwJ181j+AmeDelLHcfwkgPZtduO/rWxOrVSRgf3x5KCackxSnAooC11a5jF9Rp2K1PiA3VALGQWU5MJBc2A4ww== rsa-key-20200820",
                            "tags.%": "0"
                        },
                        "meta": {
                            "schema_version": "1"
                        },
                        "tainted": false
                    },
                    "deposed": [],
                    "provider": "provider.aws"
                }
            },
            "depends_on": []
        }
    ]
}
